<?xml version="1.0" encoding="utf-8"?>
<Project ToolsVersion="4.0" xmlns="http://schemas.microsoft.com/developer/msbuild/2003">
  <ItemGroup>
    <Filter Include="Source Files">
      <UniqueIdentifier>{4FC737F1-C7A5-4376-A066-2A32D752A2FF}</UniqueIdentifier>
      <Extensions>cpp;c;cxx;def;odl;idl;hpj;bat;asm;asmx</Extensions>
    </Filter>
    <Filter Include="Source Files\gui">
      <UniqueIdentifier>{43c616aa-c343-4430-b3d0-99282fb0e876}</UniqueIdentifier>
    </Filter>
    <Filter Include="Source Files\gui\worker">
      <UniqueIdentifier>{f77b11b1-c616-4408-baa5-78751756f8ed}</UniqueIdentifier>
    </Filter>
    <Filter Include="Source Files\gui\draw">
      <UniqueIdentifier>{d01571ca-80de-40f0-843f-cc10555cf375}</UniqueIdentifier>
    </Filter>
    <Filter Include="Source Files\gui\events">
      <UniqueIdentifier>{a2bf9c3c-d4d6-49d5-9201-7526565d970e}</UniqueIdentifier>
    </Filter>
    <Filter Include="Source Files\gui\dialogs">
      <UniqueIdentifier>{b77ccf23-ec5d-4f92-b9d4-ee0fedeaf933}</UniqueIdentifier>
    </Filter>
    <Filter Include="Header Files">
      <UniqueIdentifier>{93995380-89BD-4b04-88EB-625FBE52EBFB}</UniqueIdentifier>
      <Extensions>h;hpp;hxx;hm;inl;inc;xsd</Extensions>
    </Filter>
    <Filter Include="Resource Files">
      <UniqueIdentifier>{67DA6AB6-F800-4c08-8B7A-83BB121AAD01}</UniqueIdentifier>
      <Extensions>rc;ico;cur;bmp;dlg;rc2;rct;bin;rgs;gif;jpg;jpeg;jpe;resx</Extensions>
    </Filter>
    <Filter Include="Source Files\background">
      <UniqueIdentifier>{fc8bd013-9909-4653-8e84-847fe80283fc}</UniqueIdentifier>
    </Filter>
  </ItemGroup>
  <ItemGroup>
    <ClCompile Include="..\background\CVERSION.CPP">
      <Filter>Source Files</Filter>
    </ClCompile>
    <ClCompile Include="..\PHQuery\main.cpp">
      <Filter>Source Files</Filter>
    </ClCompile>
    <ClCompile Include="..\background\version.cpp">
      <Filter>Source Files</Filter>
    </ClCompile>
    <ClCompile Include="..\PHQuery\wtl\wtl.cpp">
      <Filter>Source Files</Filter>
    </ClCompile>
    <ClCompile Include="..\PHQuery\PHQuery.cpp">
      <Filter>Source Files\gui\worker</Filter>
    </ClCompile>
    <ClCompile Include="..\PHQuery\Draw.cpp">
      <Filter>Source Files\gui\draw</Filter>
    </ClCompile>
    <ClCompile Include="..\PHQuery\Draw_Private.cpp">
      <Filter>Source Files\gui\draw</Filter>
    </ClCompile>
    <ClCompile Include="..\PHQuery\Control.cpp">
      <Filter>Source Files\gui\events</Filter>
    </ClCompile>
    <ClCompile Include="..\PHQuery\View_Events.cpp">
      <Filter>Source Files\gui\events</Filter>
    </ClCompile>
    <ClCompile Include="..\PHQuery\QueryDlg.cpp">
      <Filter>Source Files\gui\dialogs</Filter>
    </ClCompile>
    <ClCompile Include="PHTimeInfo.cpp">
      <Filter>Source Files</Filter>
    </ClCompile>
    <ClCompile Include="..\phshared\phshared.cpp">
      <Filter>Source Files</Filter>
    </ClCompile>
    <ClCompile Include="..\sqlite\sqlite3.c">
      <Filter>Source Files</Filter>
    </ClCompile>
    <ClCompile Include="..\phshared\Crc32Static.cpp">
      <Filter>Source Files</Filter>
    </ClCompile>
    <ClCompile Include="..\PHLogger\DBTables.cpp">
      <Filter>Source Files\background</Filter>
    </ClCompile>
    <ClCompile Include="..\PHLogger\log.cpp">
      <Filter>Source Files\background</Filter>
    </ClCompile>
    <ClCompile Include="..\PHLogger\PHLogUser.cpp">
      <Filter>Source Files\background</Filter>
    </ClCompile>
    <ClCompile Include="..\PHLogger\ProcessInfo.cpp">
      <Filter>Source Files\background</Filter>
    </ClCompile>
    <ClCompile Include="..\PHLogger\Setup.cpp">
      <Filter>Source Files\background</Filter>
    </ClCompile>
    <ClCompile Include="moduleload.cpp">
      <Filter>Source Files\background</Filter>
    </ClCompile>
    <ClCompile Include="..\background\phrefresh.cpp">
      <Filter>Source Files\background</Filter>
    </ClCompile>
    <ClCompile Include="..\background\phacker.c">
      <Filter>Source Files\background</Filter>
    </ClCompile>
  </ItemGroup>
  <ItemGroup>
    <ClInclude Include="..\PHQuery\AboutDlg.h">
      <Filter>Header Files</Filter>
    </ClInclude>
    <ClInclude Include="..\PHQuery\PH.h">
      <Filter>Header Files</Filter>
    </ClInclude>
    <ClInclude Include="..\phshared\phshared.h">
      <Filter>Header Files</Filter>
    </ClInclude>
    <ClInclude Include="..\PHQuery\Query.h">
      <Filter>Header Files</Filter>
    </ClInclude>
    <ClInclude Include="..\PHQuery\resource.h">
      <Filter>Header Files</Filter>
    </ClInclude>
    <ClInclude Include="..\PHQuery\screen.h">
      <Filter>Header Files</Filter>
    </ClInclude>
    <ClInclude Include="PHScroll.h">
      <Filter>Header Files</Filter>
    </ClInclude>
    <ClInclude Include="MainFrm.h">
      <Filter>Header Files</Filter>
    </ClInclude>
    <ClInclude Include="Progress.h">
      <Filter>Header Files</Filter>
    </ClInclude>
  </ItemGroup>
  <ItemGroup>
    <None Include="..\PHQuery\idr_main.ico">
      <Filter>Resource Files</Filter>
    </None>
    <None Include="..\PHQuery\process.bmp">
      <Filter>Resource Files</Filter>
    </None>
    <None Include="..\PHQuery\start.bmp">
      <Filter>Resource Files</Filter>
    </None>
    <None Include="..\PHQuery\stop.bmp">
      <Filter>Resource Files</Filter>
    </None>
    <None Include="..\PHQuery\toolbar2.bmp">
      <Filter>Resource Files</Filter>
    </None>
    <None Include="..\PHQuery\bitmap2.bmp">
      <Filter>Resource Files</Filter>
    </None>
    <None Include="..\..\big files\src\PHQuery\toolbar2.bmp">
      <Filter>Resource Files</Filter>
    </None>
    <None Include="..\..\big files\src\phquery\mainfram.bmp">
      <Filter>Resource Files</Filter>
    </None>
  </ItemGroup>
  <ItemGroup>
    <ResourceCompile Include="..\PHQuery\resources.rc">
      <Filter>Resource Files</Filter>
    </ResourceCompile>
  </ItemGroup>
  <ItemGroup>
    <Library Include="..\..\processhacker-2.33-src\lib\lib64\ntdll.lib" />
  </ItemGroup>
  <ItemGroup>
    <Image Include="..\PHQuery\bmp00001.bmp">
      <Filter>Resource Files</Filter>
    </Image>
  </ItemGroup>
</Project>